
Microsoft Visual Studio Solution File, Format Version 12.00
# Visual Studio Version 16
VisualStudioVersion = 16.0.31624.102
MinimumVisualStudioVersion = 10.0.40219.1
Project("{FAE04EC0-301F-11D3-BF4B-00C04F79EFBC}") = "3b", "3b\3b.csproj", "{3649B576-A21B-4C71-B1D5-E746A9318D5D}"
EndProject
Global
	GlobalSection(SolutionConfigurationPlatforms) = preSolution
		Debug|Any CPU = Debug|Any CPU
		Release|Any CPU = Release|Any CPU
	EndGlobalSection
	GlobalSection(ProjectConfigurationPlatforms) = postSolution
		{3649B576-A21B-4C71-B1D5-E746A9318D5D}.Debug|Any CPU.ActiveCfg = Debug|Any CPU
		{3649B576-A21B-4C71-B1D5-E746A9318D5D}.Debug|Any CPU.Build.0 = Debug|Any CPU
		{3649B576-A21B-4C71-B1D5-E746A9318D5D}.Release|Any CPU.ActiveCfg = Release|Any CPU
		{3649B576-A21B-4C71-B1D5-E746A9318D5D}.Release|Any CPU.Build.0 = Release|Any CPU
	EndGlobalSection
	GlobalSection(SolutionProperties) = preSolution
		HideSolutionNode = FALSE
	EndGlobalSection
	GlobalSection(ExtensibilityGlobals) = postSolution
		SolutionGuid = {0FCCDD20-3634-4CF5-B8E4-64B81699F80A}
	EndGlobalSection
EndGlobal
