
Microsoft Visual Studio Solution File, Format Version 12.00
# Visual Studio Version 16
VisualStudioVersion = 16.0.31624.102
MinimumVisualStudioVersion = 10.0.40219.1
Project("{FAE04EC0-301F-11D3-BF4B-00C04F79EFBC}") = "classwork", "classwork\classwork.csproj", "{37A582BF-C1FA-4B2F-8A85-6AC5FFCA4643}"
EndProject
Global
	GlobalSection(SolutionConfigurationPlatforms) = preSolution
		Debug|Any CPU = Debug|Any CPU
		Release|Any CPU = Release|Any CPU
	EndGlobalSection
	GlobalSection(ProjectConfigurationPlatforms) = postSolution
		{37A582BF-C1FA-4B2F-8A85-6AC5FFCA4643}.Debug|Any CPU.ActiveCfg = Debug|Any CPU
		{37A582BF-C1FA-4B2F-8A85-6AC5FFCA4643}.Debug|Any CPU.Build.0 = Debug|Any CPU
		{37A582BF-C1FA-4B2F-8A85-6AC5FFCA4643}.Release|Any CPU.ActiveCfg = Release|Any CPU
		{37A582BF-C1FA-4B2F-8A85-6AC5FFCA4643}.Release|Any CPU.Build.0 = Release|Any CPU
	EndGlobalSection
	GlobalSection(SolutionProperties) = preSolution
		HideSolutionNode = FALSE
	EndGlobalSection
	GlobalSection(ExtensibilityGlobals) = postSolution
		SolutionGuid = {0E9F44DA-4903-44D1-8D81-899FD7C0B84D}
	EndGlobalSection
EndGlobal
