
Microsoft Visual Studio Solution File, Format Version 12.00
# Visual Studio Version 16
VisualStudioVersion = 16.0.31624.102
MinimumVisualStudioVersion = 10.0.40219.1
Project("{FAE04EC0-301F-11D3-BF4B-00C04F79EFBC}") = "charAndStrings", "charAndStrings\charAndStrings.csproj", "{E4028269-C67E-4C03-BE5D-7541E19C5379}"
EndProject
Global
	GlobalSection(SolutionConfigurationPlatforms) = preSolution
		Debug|Any CPU = Debug|Any CPU
		Release|Any CPU = Release|Any CPU
	EndGlobalSection
	GlobalSection(ProjectConfigurationPlatforms) = postSolution
		{E4028269-C67E-4C03-BE5D-7541E19C5379}.Debug|Any CPU.ActiveCfg = Debug|Any CPU
		{E4028269-C67E-4C03-BE5D-7541E19C5379}.Debug|Any CPU.Build.0 = Debug|Any CPU
		{E4028269-C67E-4C03-BE5D-7541E19C5379}.Release|Any CPU.ActiveCfg = Release|Any CPU
		{E4028269-C67E-4C03-BE5D-7541E19C5379}.Release|Any CPU.Build.0 = Release|Any CPU
	EndGlobalSection
	GlobalSection(SolutionProperties) = preSolution
		HideSolutionNode = FALSE
	EndGlobalSection
	GlobalSection(ExtensibilityGlobals) = postSolution
		SolutionGuid = {7409F85D-F8FF-4D38-97F2-5618BCC58974}
	EndGlobalSection
EndGlobal
