
Microsoft Visual Studio Solution File, Format Version 12.00
# Visual Studio Version 16
VisualStudioVersion = 16.0.31624.102
MinimumVisualStudioVersion = 10.0.40219.1
Project("{FAE04EC0-301F-11D3-BF4B-00C04F79EFBC}") = "october18", "october18\october18.csproj", "{959FB95B-7F91-4F54-A523-3205D828935E}"
EndProject
Global
	GlobalSection(SolutionConfigurationPlatforms) = preSolution
		Debug|Any CPU = Debug|Any CPU
		Release|Any CPU = Release|Any CPU
	EndGlobalSection
	GlobalSection(ProjectConfigurationPlatforms) = postSolution
		{959FB95B-7F91-4F54-A523-3205D828935E}.Debug|Any CPU.ActiveCfg = Debug|Any CPU
		{959FB95B-7F91-4F54-A523-3205D828935E}.Debug|Any CPU.Build.0 = Debug|Any CPU
		{959FB95B-7F91-4F54-A523-3205D828935E}.Release|Any CPU.ActiveCfg = Release|Any CPU
		{959FB95B-7F91-4F54-A523-3205D828935E}.Release|Any CPU.Build.0 = Release|Any CPU
	EndGlobalSection
	GlobalSection(SolutionProperties) = preSolution
		HideSolutionNode = FALSE
	EndGlobalSection
	GlobalSection(ExtensibilityGlobals) = postSolution
		SolutionGuid = {B6414560-26DD-4494-9747-F5C43B39F142}
	EndGlobalSection
EndGlobal
