
Microsoft Visual Studio Solution File, Format Version 12.00
# Visual Studio Version 16
VisualStudioVersion = 16.0.31624.102
MinimumVisualStudioVersion = 10.0.40219.1
Project("{FAE04EC0-301F-11D3-BF4B-00C04F79EFBC}") = "ChessBoard", "ChessBoard\ChessBoard.csproj", "{A251AE91-58E3-4DDE-94BB-DC5CD8EA786C}"
EndProject
Global
	GlobalSection(SolutionConfigurationPlatforms) = preSolution
		Debug|Any CPU = Debug|Any CPU
		Release|Any CPU = Release|Any CPU
	EndGlobalSection
	GlobalSection(ProjectConfigurationPlatforms) = postSolution
		{A251AE91-58E3-4DDE-94BB-DC5CD8EA786C}.Debug|Any CPU.ActiveCfg = Debug|Any CPU
		{A251AE91-58E3-4DDE-94BB-DC5CD8EA786C}.Debug|Any CPU.Build.0 = Debug|Any CPU
		{A251AE91-58E3-4DDE-94BB-DC5CD8EA786C}.Release|Any CPU.ActiveCfg = Release|Any CPU
		{A251AE91-58E3-4DDE-94BB-DC5CD8EA786C}.Release|Any CPU.Build.0 = Release|Any CPU
	EndGlobalSection
	GlobalSection(SolutionProperties) = preSolution
		HideSolutionNode = FALSE
	EndGlobalSection
	GlobalSection(ExtensibilityGlobals) = postSolution
		SolutionGuid = {AC64169D-5988-4511-8B3D-D616EF890354}
	EndGlobalSection
EndGlobal
