
Microsoft Visual Studio Solution File, Format Version 12.00
# Visual Studio Version 16
VisualStudioVersion = 16.0.31624.102
MinimumVisualStudioVersion = 10.0.40219.1
Project("{FAE04EC0-301F-11D3-BF4B-00C04F79EFBC}") = "task4выделениеметодов", "task4выделениеметодов\task4выделениеметодов.csproj", "{72559489-2076-4CA9-AB1E-E6587F071ADC}"
EndProject
Global
	GlobalSection(SolutionConfigurationPlatforms) = preSolution
		Debug|Any CPU = Debug|Any CPU
		Release|Any CPU = Release|Any CPU
	EndGlobalSection
	GlobalSection(ProjectConfigurationPlatforms) = postSolution
		{72559489-2076-4CA9-AB1E-E6587F071ADC}.Debug|Any CPU.ActiveCfg = Debug|Any CPU
		{72559489-2076-4CA9-AB1E-E6587F071ADC}.Debug|Any CPU.Build.0 = Debug|Any CPU
		{72559489-2076-4CA9-AB1E-E6587F071ADC}.Release|Any CPU.ActiveCfg = Release|Any CPU
		{72559489-2076-4CA9-AB1E-E6587F071ADC}.Release|Any CPU.Build.0 = Release|Any CPU
	EndGlobalSection
	GlobalSection(SolutionProperties) = preSolution
		HideSolutionNode = FALSE
	EndGlobalSection
	GlobalSection(ExtensibilityGlobals) = postSolution
		SolutionGuid = {06CE10F8-E96A-41FF-9A87-A20E0CB9EBD4}
	EndGlobalSection
EndGlobal
