
Microsoft Visual Studio Solution File, Format Version 12.00
# Visual Studio Version 16
VisualStudioVersion = 16.0.31624.102
MinimumVisualStudioVersion = 10.0.40219.1
Project("{FAE04EC0-301F-11D3-BF4B-00C04F79EFBC}") = "taskk3", "taskk3\taskk3.csproj", "{3BE30189-FCE6-443C-A121-62F1832214B5}"
EndProject
Global
	GlobalSection(SolutionConfigurationPlatforms) = preSolution
		Debug|Any CPU = Debug|Any CPU
		Release|Any CPU = Release|Any CPU
	EndGlobalSection
	GlobalSection(ProjectConfigurationPlatforms) = postSolution
		{3BE30189-FCE6-443C-A121-62F1832214B5}.Debug|Any CPU.ActiveCfg = Debug|Any CPU
		{3BE30189-FCE6-443C-A121-62F1832214B5}.Debug|Any CPU.Build.0 = Debug|Any CPU
		{3BE30189-FCE6-443C-A121-62F1832214B5}.Release|Any CPU.ActiveCfg = Release|Any CPU
		{3BE30189-FCE6-443C-A121-62F1832214B5}.Release|Any CPU.Build.0 = Release|Any CPU
	EndGlobalSection
	GlobalSection(SolutionProperties) = preSolution
		HideSolutionNode = FALSE
	EndGlobalSection
	GlobalSection(ExtensibilityGlobals) = postSolution
		SolutionGuid = {9C5C88E3-4045-49DD-A651-B6AB0DFBD695}
	EndGlobalSection
EndGlobal
