
Microsoft Visual Studio Solution File, Format Version 12.00
# Visual Studio Version 16
VisualStudioVersion = 16.0.31624.102
MinimumVisualStudioVersion = 10.0.40219.1
Project("{FAE04EC0-301F-11D3-BF4B-00C04F79EFBC}") = "циклы второезанятие", "циклы второезанятие\циклы второезанятие.csproj", "{997F8CE4-BE3B-4291-BEE0-9DDF3F5EDA0C}"
EndProject
Global
	GlobalSection(SolutionConfigurationPlatforms) = preSolution
		Debug|Any CPU = Debug|Any CPU
		Release|Any CPU = Release|Any CPU
	EndGlobalSection
	GlobalSection(ProjectConfigurationPlatforms) = postSolution
		{997F8CE4-BE3B-4291-BEE0-9DDF3F5EDA0C}.Debug|Any CPU.ActiveCfg = Debug|Any CPU
		{997F8CE4-BE3B-4291-BEE0-9DDF3F5EDA0C}.Debug|Any CPU.Build.0 = Debug|Any CPU
		{997F8CE4-BE3B-4291-BEE0-9DDF3F5EDA0C}.Release|Any CPU.ActiveCfg = Release|Any CPU
		{997F8CE4-BE3B-4291-BEE0-9DDF3F5EDA0C}.Release|Any CPU.Build.0 = Release|Any CPU
	EndGlobalSection
	GlobalSection(SolutionProperties) = preSolution
		HideSolutionNode = FALSE
	EndGlobalSection
	GlobalSection(ExtensibilityGlobals) = postSolution
		SolutionGuid = {C0FB010D-CD01-410D-BE8E-1DFAC8ECEEAF}
	EndGlobalSection
EndGlobal
