
Microsoft Visual Studio Solution File, Format Version 12.00
# Visual Studio Version 16
VisualStudioVersion = 16.0.31624.102
MinimumVisualStudioVersion = 10.0.40219.1
Project("{FAE04EC0-301F-11D3-BF4B-00C04F79EFBC}") = "Математические формулы. Методы", "Математические формулы. Методы\Математические формулы. Методы.csproj", "{C0138DB4-18E5-4FB0-9253-3806A2D5A8CE}"
EndProject
Global
	GlobalSection(SolutionConfigurationPlatforms) = preSolution
		Debug|Any CPU = Debug|Any CPU
		Release|Any CPU = Release|Any CPU
	EndGlobalSection
	GlobalSection(ProjectConfigurationPlatforms) = postSolution
		{C0138DB4-18E5-4FB0-9253-3806A2D5A8CE}.Debug|Any CPU.ActiveCfg = Debug|Any CPU
		{C0138DB4-18E5-4FB0-9253-3806A2D5A8CE}.Debug|Any CPU.Build.0 = Debug|Any CPU
		{C0138DB4-18E5-4FB0-9253-3806A2D5A8CE}.Release|Any CPU.ActiveCfg = Release|Any CPU
		{C0138DB4-18E5-4FB0-9253-3806A2D5A8CE}.Release|Any CPU.Build.0 = Release|Any CPU
	EndGlobalSection
	GlobalSection(SolutionProperties) = preSolution
		HideSolutionNode = FALSE
	EndGlobalSection
	GlobalSection(ExtensibilityGlobals) = postSolution
		SolutionGuid = {0250383B-DE8E-4392-8D95-CF99EF5EF5C5}
	EndGlobalSection
EndGlobal
